
Microsoft Visual Studio Solution File, Format Version 12.00
# Visual Studio 15
VisualStudioVersion = 15.0.27428.2037
MinimumVisualStudioVersion = 10.0.40219.1
Project("{9A19103F-16F7-4668-BE54-9A1E7A4F7556}") = "DataLake.HowTo.Debugs", "DataLake.HowTo.Debugs\DataLake.HowTo.Debugs.csproj", "{8EDBBFF5-5BE7-42AE-8B0F-5311DDD4352E}"
EndProject
Project("{182E2583-ECAD-465B-BB50-91101D7C24CE}") = "DataLake.HowTo.Scripts", "DataLake.HowTo.Scripts\DataLake.HowTo.Scripts.usqlproj", "{A75DEE10-8A2B-42B6-ADCD-2EC833CE7C3E}"
EndProject
Global
	GlobalSection(SolutionConfigurationPlatforms) = preSolution
		Debug|Any CPU = Debug|Any CPU
		Debug|x64 = Debug|x64
		Debug|x86 = Debug|x86
		Release|Any CPU = Release|Any CPU
		Release|x64 = Release|x64
		Release|x86 = Release|x86
	EndGlobalSection
	GlobalSection(ProjectConfigurationPlatforms) = postSolution
		{8EDBBFF5-5BE7-42AE-8B0F-5311DDD4352E}.Debug|Any CPU.ActiveCfg = Debug|Any CPU
		{8EDBBFF5-5BE7-42AE-8B0F-5311DDD4352E}.Debug|Any CPU.Build.0 = Debug|Any CPU
		{8EDBBFF5-5BE7-42AE-8B0F-5311DDD4352E}.Debug|x64.ActiveCfg = Debug|Any CPU
		{8EDBBFF5-5BE7-42AE-8B0F-5311DDD4352E}.Debug|x64.Build.0 = Debug|Any CPU
		{8EDBBFF5-5BE7-42AE-8B0F-5311DDD4352E}.Debug|x86.ActiveCfg = Debug|Any CPU
		{8EDBBFF5-5BE7-42AE-8B0F-5311DDD4352E}.Debug|x86.Build.0 = Debug|Any CPU
		{8EDBBFF5-5BE7-42AE-8B0F-5311DDD4352E}.Release|Any CPU.ActiveCfg = Release|Any CPU
		{8EDBBFF5-5BE7-42AE-8B0F-5311DDD4352E}.Release|Any CPU.Build.0 = Release|Any CPU
		{8EDBBFF5-5BE7-42AE-8B0F-5311DDD4352E}.Release|x64.ActiveCfg = Release|Any CPU
		{8EDBBFF5-5BE7-42AE-8B0F-5311DDD4352E}.Release|x64.Build.0 = Release|Any CPU
		{8EDBBFF5-5BE7-42AE-8B0F-5311DDD4352E}.Release|x86.ActiveCfg = Release|Any CPU
		{8EDBBFF5-5BE7-42AE-8B0F-5311DDD4352E}.Release|x86.Build.0 = Release|Any CPU
		{A75DEE10-8A2B-42B6-ADCD-2EC833CE7C3E}.Debug|Any CPU.ActiveCfg = Debug|Any CPU
		{A75DEE10-8A2B-42B6-ADCD-2EC833CE7C3E}.Debug|Any CPU.Build.0 = Debug|Any CPU
		{A75DEE10-8A2B-42B6-ADCD-2EC833CE7C3E}.Debug|x64.ActiveCfg = Debug|x64
		{A75DEE10-8A2B-42B6-ADCD-2EC833CE7C3E}.Debug|x64.Build.0 = Debug|x64
		{A75DEE10-8A2B-42B6-ADCD-2EC833CE7C3E}.Debug|x86.ActiveCfg = Debug|x86
		{A75DEE10-8A2B-42B6-ADCD-2EC833CE7C3E}.Debug|x86.Build.0 = Debug|x86
		{A75DEE10-8A2B-42B6-ADCD-2EC833CE7C3E}.Release|Any CPU.ActiveCfg = Release|Any CPU
		{A75DEE10-8A2B-42B6-ADCD-2EC833CE7C3E}.Release|Any CPU.Build.0 = Release|Any CPU
		{A75DEE10-8A2B-42B6-ADCD-2EC833CE7C3E}.Release|x64.ActiveCfg = Release|x64
		{A75DEE10-8A2B-42B6-ADCD-2EC833CE7C3E}.Release|x64.Build.0 = Release|x64
		{A75DEE10-8A2B-42B6-ADCD-2EC833CE7C3E}.Release|x86.ActiveCfg = Release|x86
		{A75DEE10-8A2B-42B6-ADCD-2EC833CE7C3E}.Release|x86.Build.0 = Release|x86
	EndGlobalSection
	GlobalSection(SolutionProperties) = preSolution
		HideSolutionNode = FALSE
	EndGlobalSection
	GlobalSection(ExtensibilityGlobals) = postSolution
		SolutionGuid = {4741E520-1790-497D-A13F-2CBAAC060DA7}
	EndGlobalSection
EndGlobal
